{
  "lockfile_version": "1",
  "packages": {
    "nodejs@latest": {
      "last_modified": "2024-02-15T12:53:33Z",
      "resolved": "github:NixOS/nixpkgs/085589047343aad800c4d305cf7b98e8a3d51ae2#nodejs_21",
      "source": "devbox-search",
      "version": "21.6.2",
      "systems": {
        "aarch64-darwin": {
          "store_path": "/nix/store/g1v8xrnj54xyvn6gf73mnw9pdwrdzmdi-nodejs-21.6.2"
        },
        "aarch64-linux": {
          "store_path": "/nix/store/7ywds3cnww6ahc45g28c3c2rnf2aky2s-nodejs-21.6.2"
        },
        "x86_64-darwin": {
          "store_path": "/nix/store/scbarnsw7m2g4j2m6rp5c82wyv1fzg8l-nodejs-21.6.2"
        },
        "x86_64-linux": {
          "store_path": "/nix/store/6cip7ljx563rlyfnzwkfzf6gxpy1lid0-nodejs-21.6.2"
        }
      }
    }
  }
}
